
Microsoft Visual Studio Solution File, Format Version 12.00
# Visual Studio Version 16
VisualStudioVersion = 16.0.30011.22
MinimumVisualStudioVersion = 10.0.40219.1
Project("{FAE04EC0-301F-11D3-BF4B-00C04F79EFBC}") = "History Plotter", "History Plotter\History Plotter.csproj", "{9b61fd79-0f44-45b9-8508-98a73f232111}"
EndProject
Global
	GlobalSection(SolutionConfigurationPlatforms) = preSolution
		Debug|Any CPU = Debug|Any CPU
		Release|Any CPU = Release|Any CPU
	EndGlobalSection
	GlobalSection(ProjectConfigurationPlatforms) = postSolution
		{9b61fd79-0f44-45b9-8508-98a73f232111}.Debug|Any CPU.ActiveCfg = Debug|Any CPU
		{9b61fd79-0f44-45b9-8508-98a73f232111}.Debug|Any CPU.Build.0 = Debug|Any CPU
		{9b61fd79-0f44-45b9-8508-98a73f232111}.Release|Any CPU.ActiveCfg = Release|Any CPU
		{9b61fd79-0f44-45b9-8508-98a73f232111}.Release|Any CPU.Build.0 = Release|Any CPU
	EndGlobalSection
	GlobalSection(SolutionProperties) = preSolution
		HideSolutionNode = FALSE
	EndGlobalSection
EndGlobal
